
Microsoft Visual Studio Solution File, Format Version 12.00
# Visual Studio 15
VisualStudioVersion = 15.0.27130.2036
MinimumVisualStudioVersion = 10.0.40219.1
Project("{FAE04EC0-301F-11D3-BF4B-00C04F79EFBC}") = "YoutubeSearch.Android", "YoutubeSearch\YoutubeSearch.Android\YoutubeSearch.Android.csproj", "{8AF5AD64-2936-4A1D-899F-AB95250742CB}"
EndProject
Project("{FAE04EC0-301F-11D3-BF4B-00C04F79EFBC}") = "YoutubeSearch.iOS", "YoutubeSearch\YoutubeSearch.iOS\YoutubeSearch.iOS.csproj", "{1639146B-91CD-45E8-92E3-2D6A66A4867A}"
EndProject
Project("{FAE04EC0-301F-11D3-BF4B-00C04F79EFBC}") = "YoutubeSearch.UWP", "YoutubeSearch\YoutubeSearch.UWP\YoutubeSearch.UWP.csproj", "{14DE4D72-8C9E-4142-92E2-31A717B5CE4C}"
EndProject
Project("{FAE04EC0-301F-11D3-BF4B-00C04F79EFBC}") = "YoutubeSearch", "YoutubeSearch\YoutubeSearch\YoutubeSearch.csproj", "{A6CB8FD3-392B-4F96-A904-8BDC0A3AAB07}"
EndProject
Global
	GlobalSection(SolutionConfigurationPlatforms) = preSolution
		Ad-Hoc|Any CPU = Ad-Hoc|Any CPU
		Ad-Hoc|ARM = Ad-Hoc|ARM
		Ad-Hoc|iPhone = Ad-Hoc|iPhone
		Ad-Hoc|iPhoneSimulator = Ad-Hoc|iPhoneSimulator
		Ad-Hoc|x64 = Ad-Hoc|x64
		Ad-Hoc|x86 = Ad-Hoc|x86
		AppStore|Any CPU = AppStore|Any CPU
		AppStore|ARM = AppStore|ARM
		AppStore|iPhone = AppStore|iPhone
		AppStore|iPhoneSimulator = AppStore|iPhoneSimulator
		AppStore|x64 = AppStore|x64
		AppStore|x86 = AppStore|x86
		Debug|Any CPU = Debug|Any CPU
		Debug|ARM = Debug|ARM
		Debug|iPhone = Debug|iPhone
		Debug|iPhoneSimulator = Debug|iPhoneSimulator
		Debug|x64 = Debug|x64
		Debug|x86 = Debug|x86
		Release|Any CPU = Release|Any CPU
		Release|ARM = Release|ARM
		Release|iPhone = Release|iPhone
		Release|iPhoneSimulator = Release|iPhoneSimulator
		Release|x64 = Release|x64
		Release|x86 = Release|x86
	EndGlobalSection
	GlobalSection(ProjectConfigurationPlatforms) = postSolution
		{8AF5AD64-2936-4A1D-899F-AB95250742CB}.Ad-Hoc|Any CPU.ActiveCfg = Release|Any CPU
		{8AF5AD64-2936-4A1D-899F-AB95250742CB}.Ad-Hoc|Any CPU.Build.0 = Release|Any CPU
		{8AF5AD64-2936-4A1D-899F-AB95250742CB}.Ad-Hoc|Any CPU.Deploy.0 = Release|Any CPU
		{8AF5AD64-2936-4A1D-899F-AB95250742CB}.Ad-Hoc|ARM.ActiveCfg = Release|Any CPU
		{8AF5AD64-2936-4A1D-899F-AB95250742CB}.Ad-Hoc|ARM.Build.0 = Release|Any CPU
		{8AF5AD64-2936-4A1D-899F-AB95250742CB}.Ad-Hoc|ARM.Deploy.0 = Release|Any CPU
		{8AF5AD64-2936-4A1D-899F-AB95250742CB}.Ad-Hoc|iPhone.ActiveCfg = Release|Any CPU
		{8AF5AD64-2936-4A1D-899F-AB95250742CB}.Ad-Hoc|iPhone.Build.0 = Release|Any CPU
		{8AF5AD64-2936-4A1D-899F-AB95250742CB}.Ad-Hoc|iPhone.Deploy.0 = Release|Any CPU
		{8AF5AD64-2936-4A1D-899F-AB95250742CB}.Ad-Hoc|iPhoneSimulator.ActiveCfg = Release|Any CPU
		{8AF5AD64-2936-4A1D-899F-AB95250742CB}.Ad-Hoc|iPhoneSimulator.Build.0 = Release|Any CPU
		{8AF5AD64-2936-4A1D-899F-AB95250742CB}.Ad-Hoc|iPhoneSimulator.Deploy.0 = Release|Any CPU
		{8AF5AD64-2936-4A1D-899F-AB95250742CB}.Ad-Hoc|x64.ActiveCfg = Release|Any CPU
		{8AF5AD64-2936-4A1D-899F-AB95250742CB}.Ad-Hoc|x64.Build.0 = Release|Any CPU
		{8AF5AD64-2936-4A1D-899F-AB95250742CB}.Ad-Hoc|x64.Deploy.0 = Release|Any CPU
		{8AF5AD64-2936-4A1D-899F-AB95250742CB}.Ad-Hoc|x86.ActiveCfg = Release|Any CPU
		{8AF5AD64-2936-4A1D-899F-AB95250742CB}.Ad-Hoc|x86.Build.0 = Release|Any CPU
		{8AF5AD64-2936-4A1D-899F-AB95250742CB}.Ad-Hoc|x86.Deploy.0 = Release|Any CPU
		{8AF5AD64-2936-4A1D-899F-AB95250742CB}.AppStore|Any CPU.ActiveCfg = Release|Any CPU
		{8AF5AD64-2936-4A1D-899F-AB95250742CB}.AppStore|Any CPU.Build.0 = Release|Any CPU
		{8AF5AD64-2936-4A1D-899F-AB95250742CB}.AppStore|Any CPU.Deploy.0 = Release|Any CPU
		{8AF5AD64-2936-4A1D-899F-AB95250742CB}.AppStore|ARM.ActiveCfg = Release|Any CPU
		{8AF5AD64-2936-4A1D-899F-AB95250742CB}.AppStore|ARM.Build.0 = Release|Any CPU
		{8AF5AD64-2936-4A1D-899F-AB95250742CB}.AppStore|ARM.Deploy.0 = Release|Any CPU
		{8AF5AD64-2936-4A1D-899F-AB95250742CB}.AppStore|iPhone.ActiveCfg = Release|Any CPU
		{8AF5AD64-2936-4A1D-899F-AB95250742CB}.AppStore|iPhone.Build.0 = Release|Any CPU
		{8AF5AD64-2936-4A1D-899F-AB95250742CB}.AppStore|iPhone.Deploy.0 = Release|Any CPU
		{8AF5AD64-2936-4A1D-899F-AB95250742CB}.AppStore|iPhoneSimulator.ActiveCfg = Release|Any CPU
		{8AF5AD64-2936-4A1D-899F-AB95250742CB}.AppStore|iPhoneSimulator.Build.0 = Release|Any CPU
		{8AF5AD64-2936-4A1D-899F-AB95250742CB}.AppStore|iPhoneSimulator.Deploy.0 = Release|Any CPU
		{8AF5AD64-2936-4A1D-899F-AB95250742CB}.AppStore|x64.ActiveCfg = Release|Any CPU
		{8AF5AD64-2936-4A1D-899F-AB95250742CB}.AppStore|x64.Build.0 = Release|Any CPU
		{8AF5AD64-2936-4A1D-899F-AB95250742CB}.AppStore|x64.Deploy.0 = Release|Any CPU
		{8AF5AD64-2936-4A1D-899F-AB95250742CB}.AppStore|x86.ActiveCfg = Release|Any CPU
		{8AF5AD64-2936-4A1D-899F-AB95250742CB}.AppStore|x86.Build.0 = Release|Any CPU
		{8AF5AD64-2936-4A1D-899F-AB95250742CB}.AppStore|x86.Deploy.0 = Release|Any CPU
		{8AF5AD64-2936-4A1D-899F-AB95250742CB}.Debug|Any CPU.ActiveCfg = Debug|Any CPU
		{8AF5AD64-2936-4A1D-899F-AB95250742CB}.Debug|Any CPU.Build.0 = Debug|Any CPU
		{8AF5AD64-2936-4A1D-899F-AB95250742CB}.Debug|Any CPU.Deploy.0 = Debug|Any CPU
		{8AF5AD64-2936-4A1D-899F-AB95250742CB}.Debug|ARM.ActiveCfg = Debug|Any CPU
		{8AF5AD64-2936-4A1D-899F-AB95250742CB}.Debug|ARM.Build.0 = Debug|Any CPU
		{8AF5AD64-2936-4A1D-899F-AB95250742CB}.Debug|ARM.Deploy.0 = Debug|Any CPU
		{8AF5AD64-2936-4A1D-899F-AB95250742CB}.Debug|iPhone.ActiveCfg = Debug|Any CPU
		{8AF5AD64-2936-4A1D-899F-AB95250742CB}.Debug|iPhone.Build.0 = Debug|Any CPU
		{8AF5AD64-2936-4A1D-899F-AB95250742CB}.Debug|iPhone.Deploy.0 = Debug|Any CPU
		{8AF5AD64-2936-4A1D-899F-AB95250742CB}.Debug|iPhoneSimulator.ActiveCfg = Debug|Any CPU
		{8AF5AD64-2936-4A1D-899F-AB95250742CB}.Debug|iPhoneSimulator.Build.0 = Debug|Any CPU
		{8AF5AD64-2936-4A1D-899F-AB95250742CB}.Debug|iPhoneSimulator.Deploy.0 = Debug|Any CPU
		{8AF5AD64-2936-4A1D-899F-AB95250742CB}.Debug|x64.ActiveCfg = Debug|Any CPU
		{8AF5AD64-2936-4A1D-899F-AB95250742CB}.Debug|x64.Build.0 = Debug|Any CPU
		{8AF5AD64-2936-4A1D-899F-AB95250742CB}.Debug|x64.Deploy.0 = Debug|Any CPU
		{8AF5AD64-2936-4A1D-899F-AB95250742CB}.Debug|x86.ActiveCfg = Debug|Any CPU
		{8AF5AD64-2936-4A1D-899F-AB95250742CB}.Debug|x86.Build.0 = Debug|Any CPU
		{8AF5AD64-2936-4A1D-899F-AB95250742CB}.Debug|x86.Deploy.0 = Debug|Any CPU
		{8AF5AD64-2936-4A1D-899F-AB95250742CB}.Release|Any CPU.ActiveCfg = Release|Any CPU
		{8AF5AD64-2936-4A1D-899F-AB95250742CB}.Release|Any CPU.Build.0 = Release|Any CPU
		{8AF5AD64-2936-4A1D-899F-AB95250742CB}.Release|Any CPU.Deploy.0 = Release|Any CPU
		{8AF5AD64-2936-4A1D-899F-AB95250742CB}.Release|ARM.ActiveCfg = Release|Any CPU
		{8AF5AD64-2936-4A1D-899F-AB95250742CB}.Release|ARM.Build.0 = Release|Any CPU
		{8AF5AD64-2936-4A1D-899F-AB95250742CB}.Release|ARM.Deploy.0 = Release|Any CPU
		{8AF5AD64-2936-4A1D-899F-AB95250742CB}.Release|iPhone.ActiveCfg = Release|Any CPU
		{8AF5AD64-2936-4A1D-899F-AB95250742CB}.Release|iPhone.Build.0 = Release|Any CPU
		{8AF5AD64-2936-4A1D-899F-AB95250742CB}.Release|iPhone.Deploy.0 = Release|Any CPU
		{8AF5AD64-2936-4A1D-899F-AB95250742CB}.Release|iPhoneSimulator.ActiveCfg = Release|Any CPU
		{8AF5AD64-2936-4A1D-899F-AB95250742CB}.Release|iPhoneSimulator.Build.0 = Release|Any CPU
		{8AF5AD64-2936-4A1D-899F-AB95250742CB}.Release|iPhoneSimulator.Deploy.0 = Release|Any CPU
		{8AF5AD64-2936-4A1D-899F-AB95250742CB}.Release|x64.ActiveCfg = Release|Any CPU
		{8AF5AD64-2936-4A1D-899F-AB95250742CB}.Release|x64.Build.0 = Release|Any CPU
		{8AF5AD64-2936-4A1D-899F-AB95250742CB}.Release|x64.Deploy.0 = Release|Any CPU
		{8AF5AD64-2936-4A1D-899F-AB95250742CB}.Release|x86.ActiveCfg = Release|Any CPU
		{8AF5AD64-2936-4A1D-899F-AB95250742CB}.Release|x86.Build.0 = Release|Any CPU
		{8AF5AD64-2936-4A1D-899F-AB95250742CB}.Release|x86.Deploy.0 = Release|Any CPU
		{1639146B-91CD-45E8-92E3-2D6A66A4867A}.Ad-Hoc|Any CPU.ActiveCfg = Ad-Hoc|iPhone
		{1639146B-91CD-45E8-92E3-2D6A66A4867A}.Ad-Hoc|ARM.ActiveCfg = Ad-Hoc|iPhone
		{1639146B-91CD-45E8-92E3-2D6A66A4867A}.Ad-Hoc|iPhone.ActiveCfg = Ad-Hoc|iPhone
		{1639146B-91CD-45E8-92E3-2D6A66A4867A}.Ad-Hoc|iPhone.Build.0 = Ad-Hoc|iPhone
		{1639146B-91CD-45E8-92E3-2D6A66A4867A}.Ad-Hoc|iPhoneSimulator.ActiveCfg = Ad-Hoc|iPhoneSimulator
		{1639146B-91CD-45E8-92E3-2D6A66A4867A}.Ad-Hoc|iPhoneSimulator.Build.0 = Ad-Hoc|iPhoneSimulator
		{1639146B-91CD-45E8-92E3-2D6A66A4867A}.Ad-Hoc|x64.ActiveCfg = Ad-Hoc|iPhone
		{1639146B-91CD-45E8-92E3-2D6A66A4867A}.Ad-Hoc|x86.ActiveCfg = Ad-Hoc|iPhone
		{1639146B-91CD-45E8-92E3-2D6A66A4867A}.AppStore|Any CPU.ActiveCfg = AppStore|iPhone
		{1639146B-91CD-45E8-92E3-2D6A66A4867A}.AppStore|ARM.ActiveCfg = AppStore|iPhone
		{1639146B-91CD-45E8-92E3-2D6A66A4867A}.AppStore|iPhone.ActiveCfg = AppStore|iPhone
		{1639146B-91CD-45E8-92E3-2D6A66A4867A}.AppStore|iPhone.Build.0 = AppStore|iPhone
		{1639146B-91CD-45E8-92E3-2D6A66A4867A}.AppStore|iPhoneSimulator.ActiveCfg = AppStore|iPhoneSimulator
		{1639146B-91CD-45E8-92E3-2D6A66A4867A}.AppStore|iPhoneSimulator.Build.0 = AppStore|iPhoneSimulator
		{1639146B-91CD-45E8-92E3-2D6A66A4867A}.AppStore|x64.ActiveCfg = AppStore|iPhone
		{1639146B-91CD-45E8-92E3-2D6A66A4867A}.AppStore|x86.ActiveCfg = AppStore|iPhone
		{1639146B-91CD-45E8-92E3-2D6A66A4867A}.Debug|Any CPU.ActiveCfg = Debug|iPhone
		{1639146B-91CD-45E8-92E3-2D6A66A4867A}.Debug|ARM.ActiveCfg = Debug|iPhone
		{1639146B-91CD-45E8-92E3-2D6A66A4867A}.Debug|iPhone.ActiveCfg = Debug|iPhone
		{1639146B-91CD-45E8-92E3-2D6A66A4867A}.Debug|iPhone.Build.0 = Debug|iPhone
		{1639146B-91CD-45E8-92E3-2D6A66A4867A}.Debug|iPhoneSimulator.ActiveCfg = Debug|iPhoneSimulator
		{1639146B-91CD-45E8-92E3-2D6A66A4867A}.Debug|iPhoneSimulator.Build.0 = Debug|iPhoneSimulator
		{1639146B-91CD-45E8-92E3-2D6A66A4867A}.Debug|x64.ActiveCfg = Debug|iPhone
		{1639146B-91CD-45E8-92E3-2D6A66A4867A}.Debug|x86.ActiveCfg = Debug|iPhone
		{1639146B-91CD-45E8-92E3-2D6A66A4867A}.Release|Any CPU.ActiveCfg = Release|iPhone
		{1639146B-91CD-45E8-92E3-2D6A66A4867A}.Release|ARM.ActiveCfg = Release|iPhone
		{1639146B-91CD-45E8-92E3-2D6A66A4867A}.Release|iPhone.ActiveCfg = Release|iPhone
		{1639146B-91CD-45E8-92E3-2D6A66A4867A}.Release|iPhone.Build.0 = Release|iPhone
		{1639146B-91CD-45E8-92E3-2D6A66A4867A}.Release|iPhoneSimulator.ActiveCfg = Release|iPhoneSimulator
		{1639146B-91CD-45E8-92E3-2D6A66A4867A}.Release|iPhoneSimulator.Build.0 = Release|iPhoneSimulator
		{1639146B-91CD-45E8-92E3-2D6A66A4867A}.Release|x64.ActiveCfg = Release|iPhone
		{1639146B-91CD-45E8-92E3-2D6A66A4867A}.Release|x86.ActiveCfg = Release|iPhone
		{14DE4D72-8C9E-4142-92E2-31A717B5CE4C}.Ad-Hoc|Any CPU.ActiveCfg = Release|x86
		{14DE4D72-8C9E-4142-92E2-31A717B5CE4C}.Ad-Hoc|Any CPU.Build.0 = Release|x86
		{14DE4D72-8C9E-4142-92E2-31A717B5CE4C}.Ad-Hoc|Any CPU.Deploy.0 = Release|x86
		{14DE4D72-8C9E-4142-92E2-31A717B5CE4C}.Ad-Hoc|ARM.ActiveCfg = Release|ARM
		{14DE4D72-8C9E-4142-92E2-31A717B5CE4C}.Ad-Hoc|ARM.Build.0 = Release|ARM
		{14DE4D72-8C9E-4142-92E2-31A717B5CE4C}.Ad-Hoc|ARM.Deploy.0 = Release|ARM
		{14DE4D72-8C9E-4142-92E2-31A717B5CE4C}.Ad-Hoc|iPhone.ActiveCfg = Release|x86
		{14DE4D72-8C9E-4142-92E2-31A717B5CE4C}.Ad-Hoc|iPhone.Build.0 = Release|x86
		{14DE4D72-8C9E-4142-92E2-31A717B5CE4C}.Ad-Hoc|iPhone.Deploy.0 = Release|x86
		{14DE4D72-8C9E-4142-92E2-31A717B5CE4C}.Ad-Hoc|iPhoneSimulator.ActiveCfg = Release|x86
		{14DE4D72-8C9E-4142-92E2-31A717B5CE4C}.Ad-Hoc|iPhoneSimulator.Build.0 = Release|x86
		{14DE4D72-8C9E-4142-92E2-31A717B5CE4C}.Ad-Hoc|iPhoneSimulator.Deploy.0 = Release|x86
		{14DE4D72-8C9E-4142-92E2-31A717B5CE4C}.Ad-Hoc|x64.ActiveCfg = Release|x64
		{14DE4D72-8C9E-4142-92E2-31A717B5CE4C}.Ad-Hoc|x64.Build.0 = Release|x64
		{14DE4D72-8C9E-4142-92E2-31A717B5CE4C}.Ad-Hoc|x64.Deploy.0 = Release|x64
		{14DE4D72-8C9E-4142-92E2-31A717B5CE4C}.Ad-Hoc|x86.ActiveCfg = Release|x86
		{14DE4D72-8C9E-4142-92E2-31A717B5CE4C}.Ad-Hoc|x86.Build.0 = Release|x86
		{14DE4D72-8C9E-4142-92E2-31A717B5CE4C}.Ad-Hoc|x86.Deploy.0 = Release|x86
		{14DE4D72-8C9E-4142-92E2-31A717B5CE4C}.AppStore|Any CPU.ActiveCfg = Release|x86
		{14DE4D72-8C9E-4142-92E2-31A717B5CE4C}.AppStore|Any CPU.Build.0 = Release|x86
		{14DE4D72-8C9E-4142-92E2-31A717B5CE4C}.AppStore|Any CPU.Deploy.0 = Release|x86
		{14DE4D72-8C9E-4142-92E2-31A717B5CE4C}.AppStore|ARM.ActiveCfg = Release|ARM
		{14DE4D72-8C9E-4142-92E2-31A717B5CE4C}.AppStore|ARM.Build.0 = Release|ARM
		{14DE4D72-8C9E-4142-92E2-31A717B5CE4C}.AppStore|ARM.Deploy.0 = Release|ARM
		{14DE4D72-8C9E-4142-92E2-31A717B5CE4C}.AppStore|iPhone.ActiveCfg = Release|x86
		{14DE4D72-8C9E-4142-92E2-31A717B5CE4C}.AppStore|iPhone.Build.0 = Release|x86
		{14DE4D72-8C9E-4142-92E2-31A717B5CE4C}.AppStore|iPhone.Deploy.0 = Release|x86
		{14DE4D72-8C9E-4142-92E2-31A717B5CE4C}.AppStore|iPhoneSimulator.ActiveCfg = Release|x86
		{14DE4D72-8C9E-4142-92E2-31A717B5CE4C}.AppStore|iPhoneSimulator.Build.0 = Release|x86
		{14DE4D72-8C9E-4142-92E2-31A717B5CE4C}.AppStore|iPhoneSimulator.Deploy.0 = Release|x86
		{14DE4D72-8C9E-4142-92E2-31A717B5CE4C}.AppStore|x64.ActiveCfg = Release|x64
		{14DE4D72-8C9E-4142-92E2-31A717B5CE4C}.AppStore|x64.Build.0 = Release|x64
		{14DE4D72-8C9E-4142-92E2-31A717B5CE4C}.AppStore|x64.Deploy.0 = Release|x64
		{14DE4D72-8C9E-4142-92E2-31A717B5CE4C}.AppStore|x86.ActiveCfg = Release|x86
		{14DE4D72-8C9E-4142-92E2-31A717B5CE4C}.AppStore|x86.Build.0 = Release|x86
		{14DE4D72-8C9E-4142-92E2-31A717B5CE4C}.AppStore|x86.Deploy.0 = Release|x86
		{14DE4D72-8C9E-4142-92E2-31A717B5CE4C}.Debug|Any CPU.ActiveCfg = Debug|x86
		{14DE4D72-8C9E-4142-92E2-31A717B5CE4C}.Debug|ARM.ActiveCfg = Debug|ARM
		{14DE4D72-8C9E-4142-92E2-31A717B5CE4C}.Debug|ARM.Build.0 = Debug|ARM
		{14DE4D72-8C9E-4142-92E2-31A717B5CE4C}.Debug|ARM.Deploy.0 = Debug|ARM
		{14DE4D72-8C9E-4142-92E2-31A717B5CE4C}.Debug|iPhone.ActiveCfg = Debug|x86
		{14DE4D72-8C9E-4142-92E2-31A717B5CE4C}.Debug|iPhoneSimulator.ActiveCfg = Debug|x86
		{14DE4D72-8C9E-4142-92E2-31A717B5CE4C}.Debug|x64.ActiveCfg = Debug|x64
		{14DE4D72-8C9E-4142-92E2-31A717B5CE4C}.Debug|x64.Build.0 = Debug|x64
		{14DE4D72-8C9E-4142-92E2-31A717B5CE4C}.Debug|x64.Deploy.0 = Debug|x64
		{14DE4D72-8C9E-4142-92E2-31A717B5CE4C}.Debug|x86.ActiveCfg = Debug|x86
		{14DE4D72-8C9E-4142-92E2-31A717B5CE4C}.Debug|x86.Build.0 = Debug|x86
		{14DE4D72-8C9E-4142-92E2-31A717B5CE4C}.Debug|x86.Deploy.0 = Debug|x86
		{14DE4D72-8C9E-4142-92E2-31A717B5CE4C}.Release|Any CPU.ActiveCfg = Release|x86
		{14DE4D72-8C9E-4142-92E2-31A717B5CE4C}.Release|ARM.ActiveCfg = Release|ARM
		{14DE4D72-8C9E-4142-92E2-31A717B5CE4C}.Release|ARM.Build.0 = Release|ARM
		{14DE4D72-8C9E-4142-92E2-31A717B5CE4C}.Release|ARM.Deploy.0 = Release|ARM
		{14DE4D72-8C9E-4142-92E2-31A717B5CE4C}.Release|iPhone.ActiveCfg = Release|x86
		{14DE4D72-8C9E-4142-92E2-31A717B5CE4C}.Release|iPhoneSimulator.ActiveCfg = Release|x86
		{14DE4D72-8C9E-4142-92E2-31A717B5CE4C}.Release|x64.ActiveCfg = Release|x64
		{14DE4D72-8C9E-4142-92E2-31A717B5CE4C}.Release|x64.Build.0 = Release|x64
		{14DE4D72-8C9E-4142-92E2-31A717B5CE4C}.Release|x64.Deploy.0 = Release|x64
		{14DE4D72-8C9E-4142-92E2-31A717B5CE4C}.Release|x86.ActiveCfg = Release|x86
		{14DE4D72-8C9E-4142-92E2-31A717B5CE4C}.Release|x86.Build.0 = Release|x86
		{14DE4D72-8C9E-4142-92E2-31A717B5CE4C}.Release|x86.Deploy.0 = Release|x86
		{A6CB8FD3-392B-4F96-A904-8BDC0A3AAB07}.Ad-Hoc|Any CPU.ActiveCfg = Debug|Any CPU
		{A6CB8FD3-392B-4F96-A904-8BDC0A3AAB07}.Ad-Hoc|Any CPU.Build.0 = Debug|Any CPU
		{A6CB8FD3-392B-4F96-A904-8BDC0A3AAB07}.Ad-Hoc|ARM.ActiveCfg = Debug|Any CPU
		{A6CB8FD3-392B-4F96-A904-8BDC0A3AAB07}.Ad-Hoc|ARM.Build.0 = Debug|Any CPU
		{A6CB8FD3-392B-4F96-A904-8BDC0A3AAB07}.Ad-Hoc|iPhone.ActiveCfg = Debug|Any CPU
		{A6CB8FD3-392B-4F96-A904-8BDC0A3AAB07}.Ad-Hoc|iPhone.Build.0 = Debug|Any CPU
		{A6CB8FD3-392B-4F96-A904-8BDC0A3AAB07}.Ad-Hoc|iPhoneSimulator.ActiveCfg = Debug|Any CPU
		{A6CB8FD3-392B-4F96-A904-8BDC0A3AAB07}.Ad-Hoc|iPhoneSimulator.Build.0 = Debug|Any CPU
		{A6CB8FD3-392B-4F96-A904-8BDC0A3AAB07}.Ad-Hoc|x64.ActiveCfg = Debug|Any CPU
		{A6CB8FD3-392B-4F96-A904-8BDC0A3AAB07}.Ad-Hoc|x64.Build.0 = Debug|Any CPU
		{A6CB8FD3-392B-4F96-A904-8BDC0A3AAB07}.Ad-Hoc|x86.ActiveCfg = Debug|Any CPU
		{A6CB8FD3-392B-4F96-A904-8BDC0A3AAB07}.Ad-Hoc|x86.Build.0 = Debug|Any CPU
		{A6CB8FD3-392B-4F96-A904-8BDC0A3AAB07}.AppStore|Any CPU.ActiveCfg = Debug|Any CPU
		{A6CB8FD3-392B-4F96-A904-8BDC0A3AAB07}.AppStore|Any CPU.Build.0 = Debug|Any CPU
		{A6CB8FD3-392B-4F96-A904-8BDC0A3AAB07}.AppStore|ARM.ActiveCfg = Debug|Any CPU
		{A6CB8FD3-392B-4F96-A904-8BDC0A3AAB07}.AppStore|ARM.Build.0 = Debug|Any CPU
		{A6CB8FD3-392B-4F96-A904-8BDC0A3AAB07}.AppStore|iPhone.ActiveCfg = Debug|Any CPU
		{A6CB8FD3-392B-4F96-A904-8BDC0A3AAB07}.AppStore|iPhone.Build.0 = Debug|Any CPU
		{A6CB8FD3-392B-4F96-A904-8BDC0A3AAB07}.AppStore|iPhoneSimulator.ActiveCfg = Debug|Any CPU
		{A6CB8FD3-392B-4F96-A904-8BDC0A3AAB07}.AppStore|iPhoneSimulator.Build.0 = Debug|Any CPU
		{A6CB8FD3-392B-4F96-A904-8BDC0A3AAB07}.AppStore|x64.ActiveCfg = Debug|Any CPU
		{A6CB8FD3-392B-4F96-A904-8BDC0A3AAB07}.AppStore|x64.Build.0 = Debug|Any CPU
		{A6CB8FD3-392B-4F96-A904-8BDC0A3AAB07}.AppStore|x86.ActiveCfg = Debug|Any CPU
		{A6CB8FD3-392B-4F96-A904-8BDC0A3AAB07}.AppStore|x86.Build.0 = Debug|Any CPU
		{A6CB8FD3-392B-4F96-A904-8BDC0A3AAB07}.Debug|Any CPU.ActiveCfg = Debug|Any CPU
		{A6CB8FD3-392B-4F96-A904-8BDC0A3AAB07}.Debug|Any CPU.Build.0 = Debug|Any CPU
		{A6CB8FD3-392B-4F96-A904-8BDC0A3AAB07}.Debug|ARM.ActiveCfg = Debug|Any CPU
		{A6CB8FD3-392B-4F96-A904-8BDC0A3AAB07}.Debug|ARM.Build.0 = Debug|Any CPU
		{A6CB8FD3-392B-4F96-A904-8BDC0A3AAB07}.Debug|iPhone.ActiveCfg = Debug|Any CPU
		{A6CB8FD3-392B-4F96-A904-8BDC0A3AAB07}.Debug|iPhone.Build.0 = Debug|Any CPU
		{A6CB8FD3-392B-4F96-A904-8BDC0A3AAB07}.Debug|iPhoneSimulator.ActiveCfg = Debug|Any CPU
		{A6CB8FD3-392B-4F96-A904-8BDC0A3AAB07}.Debug|iPhoneSimulator.Build.0 = Debug|Any CPU
		{A6CB8FD3-392B-4F96-A904-8BDC0A3AAB07}.Debug|x64.ActiveCfg = Debug|Any CPU
		{A6CB8FD3-392B-4F96-A904-8BDC0A3AAB07}.Debug|x64.Build.0 = Debug|Any CPU
		{A6CB8FD3-392B-4F96-A904-8BDC0A3AAB07}.Debug|x86.ActiveCfg = Debug|Any CPU
		{A6CB8FD3-392B-4F96-A904-8BDC0A3AAB07}.Debug|x86.Build.0 = Debug|Any CPU
		{A6CB8FD3-392B-4F96-A904-8BDC0A3AAB07}.Release|Any CPU.ActiveCfg = Release|Any CPU
		{A6CB8FD3-392B-4F96-A904-8BDC0A3AAB07}.Release|Any CPU.Build.0 = Release|Any CPU
		{A6CB8FD3-392B-4F96-A904-8BDC0A3AAB07}.Release|ARM.ActiveCfg = Release|Any CPU
		{A6CB8FD3-392B-4F96-A904-8BDC0A3AAB07}.Release|ARM.Build.0 = Release|Any CPU
		{A6CB8FD3-392B-4F96-A904-8BDC0A3AAB07}.Release|iPhone.ActiveCfg = Release|Any CPU
		{A6CB8FD3-392B-4F96-A904-8BDC0A3AAB07}.Release|iPhone.Build.0 = Release|Any CPU
		{A6CB8FD3-392B-4F96-A904-8BDC0A3AAB07}.Release|iPhoneSimulator.ActiveCfg = Release|Any CPU
		{A6CB8FD3-392B-4F96-A904-8BDC0A3AAB07}.Release|iPhoneSimulator.Build.0 = Release|Any CPU
		{A6CB8FD3-392B-4F96-A904-8BDC0A3AAB07}.Release|x64.ActiveCfg = Release|Any CPU
		{A6CB8FD3-392B-4F96-A904-8BDC0A3AAB07}.Release|x64.Build.0 = Release|Any CPU
		{A6CB8FD3-392B-4F96-A904-8BDC0A3AAB07}.Release|x86.ActiveCfg = Release|Any CPU
		{A6CB8FD3-392B-4F96-A904-8BDC0A3AAB07}.Release|x86.Build.0 = Release|Any CPU
	EndGlobalSection
	GlobalSection(SolutionProperties) = preSolution
		HideSolutionNode = FALSE
	EndGlobalSection
	GlobalSection(ExtensibilityGlobals) = postSolution
		SolutionGuid = {88E2588D-84AA-49A6-9158-C4BD81995D96}
	EndGlobalSection
EndGlobal
